
Microsoft Visual Studio Solution File, Format Version 12.00
# Visual Studio Version 16
VisualStudioVersion = 16.0.29318.209
MinimumVisualStudioVersion = 10.0.40219.1
Project("{FAE04EC0-301F-11D3-BF4B-00C04F79EFBC}") = "MTS_CRM.MODEL", "MTS_CRM.MODEL\MTS_CRM.MODEL.csproj", "{D3B200EB-C66C-4F5B-9159-360B04F6C606}"
EndProject
Project("{FAE04EC0-301F-11D3-BF4B-00C04F79EFBC}") = "MTS_CRM.WCF", "MTS_CRM.WCF\MTS_CRM.WCF.csproj", "{9829B2E4-068F-4A37-AD50-218D80F14739}"
EndProject
Project("{FAE04EC0-301F-11D3-BF4B-00C04F79EFBC}") = "MTS_CRM.DTO", "MTS_CRM.DTO\MTS_CRM.DTO.csproj", "{ED9CA06B-77FF-463D-AC68-317C6E913AC3}"
EndProject
Project("{FAE04EC0-301F-11D3-BF4B-00C04F79EFBC}") = "MTS_CRM.TESTS", "MTS_CRM.TESTS\MTS_CRM.TESTS.csproj", "{8A3EA9FA-639B-476C-9118-143FD5E731DF}"
EndProject
Project("{FAE04EC0-301F-11D3-BF4B-00C04F79EFBC}") = "MTS_CRM.CONTROLLERS", "MTS_CRM.CONTROLLERS\MTS_CRM.CONTROLLERS.csproj", "{2DF5CB0E-BCD8-41F8-A13E-3D901D75B006}"
EndProject
Project("{FAE04EC0-301F-11D3-BF4B-00C04F79EFBC}") = "MTS_CRM.DESKTOP", "MTS_CRM.DESKTOP\MTS_CRM.DESKTOP.csproj", "{BBCC0663-FB34-4B08-BF89-D45BADB0F9FB}"
	ProjectSection(ProjectDependencies) = postProject
		{9829B2E4-068F-4A37-AD50-218D80F14739} = {9829B2E4-068F-4A37-AD50-218D80F14739}
	EndProjectSection
EndProject
Project("{FAE04EC0-301F-11D3-BF4B-00C04F79EFBC}") = "MTS_CRM.DB", "MTS_CRM.DB\MTS_CRM.DB.csproj", "{8FBDB5A5-EDEF-4A94-931F-B8E70C7608D7}"
EndProject
Project("{FAE04EC0-301F-11D3-BF4B-00C04F79EFBC}") = "MTS_CRM.MVC", "MTS_CRM.MVC\MTS_CRM.MVC.csproj", "{C27A4FDB-F5F4-4A11-87BD-387F352CFBB0}"
EndProject
Project("{FAE04EC0-301F-11D3-BF4B-00C04F79EFBC}") = "SignalRChat", "SignalRChatRoom\SignalRChat\SignalRChat.csproj", "{D43E0B39-D610-4510-AB42-C778E2B99D94}"
EndProject
Global
	GlobalSection(SolutionConfigurationPlatforms) = preSolution
		Debug|Any CPU = Debug|Any CPU
		Release|Any CPU = Release|Any CPU
	EndGlobalSection
	GlobalSection(ProjectConfigurationPlatforms) = postSolution
		{D3B200EB-C66C-4F5B-9159-360B04F6C606}.Debug|Any CPU.ActiveCfg = Debug|Any CPU
		{D3B200EB-C66C-4F5B-9159-360B04F6C606}.Debug|Any CPU.Build.0 = Debug|Any CPU
		{D3B200EB-C66C-4F5B-9159-360B04F6C606}.Release|Any CPU.ActiveCfg = Release|Any CPU
		{D3B200EB-C66C-4F5B-9159-360B04F6C606}.Release|Any CPU.Build.0 = Release|Any CPU
		{9829B2E4-068F-4A37-AD50-218D80F14739}.Debug|Any CPU.ActiveCfg = Debug|Any CPU
		{9829B2E4-068F-4A37-AD50-218D80F14739}.Debug|Any CPU.Build.0 = Debug|Any CPU
		{9829B2E4-068F-4A37-AD50-218D80F14739}.Release|Any CPU.ActiveCfg = Release|Any CPU
		{9829B2E4-068F-4A37-AD50-218D80F14739}.Release|Any CPU.Build.0 = Release|Any CPU
		{ED9CA06B-77FF-463D-AC68-317C6E913AC3}.Debug|Any CPU.ActiveCfg = Debug|Any CPU
		{ED9CA06B-77FF-463D-AC68-317C6E913AC3}.Debug|Any CPU.Build.0 = Debug|Any CPU
		{ED9CA06B-77FF-463D-AC68-317C6E913AC3}.Release|Any CPU.ActiveCfg = Release|Any CPU
		{ED9CA06B-77FF-463D-AC68-317C6E913AC3}.Release|Any CPU.Build.0 = Release|Any CPU
		{8A3EA9FA-639B-476C-9118-143FD5E731DF}.Debug|Any CPU.ActiveCfg = Debug|Any CPU
		{8A3EA9FA-639B-476C-9118-143FD5E731DF}.Debug|Any CPU.Build.0 = Debug|Any CPU
		{8A3EA9FA-639B-476C-9118-143FD5E731DF}.Release|Any CPU.ActiveCfg = Release|Any CPU
		{8A3EA9FA-639B-476C-9118-143FD5E731DF}.Release|Any CPU.Build.0 = Release|Any CPU
		{2DF5CB0E-BCD8-41F8-A13E-3D901D75B006}.Debug|Any CPU.ActiveCfg = Debug|Any CPU
		{2DF5CB0E-BCD8-41F8-A13E-3D901D75B006}.Debug|Any CPU.Build.0 = Debug|Any CPU
		{2DF5CB0E-BCD8-41F8-A13E-3D901D75B006}.Release|Any CPU.ActiveCfg = Release|Any CPU
		{2DF5CB0E-BCD8-41F8-A13E-3D901D75B006}.Release|Any CPU.Build.0 = Release|Any CPU
		{BBCC0663-FB34-4B08-BF89-D45BADB0F9FB}.Debug|Any CPU.ActiveCfg = Debug|Any CPU
		{BBCC0663-FB34-4B08-BF89-D45BADB0F9FB}.Debug|Any CPU.Build.0 = Debug|Any CPU
		{BBCC0663-FB34-4B08-BF89-D45BADB0F9FB}.Release|Any CPU.ActiveCfg = Release|Any CPU
		{BBCC0663-FB34-4B08-BF89-D45BADB0F9FB}.Release|Any CPU.Build.0 = Release|Any CPU
		{8FBDB5A5-EDEF-4A94-931F-B8E70C7608D7}.Debug|Any CPU.ActiveCfg = Debug|Any CPU
		{8FBDB5A5-EDEF-4A94-931F-B8E70C7608D7}.Debug|Any CPU.Build.0 = Debug|Any CPU
		{8FBDB5A5-EDEF-4A94-931F-B8E70C7608D7}.Release|Any CPU.ActiveCfg = Release|Any CPU
		{8FBDB5A5-EDEF-4A94-931F-B8E70C7608D7}.Release|Any CPU.Build.0 = Release|Any CPU
		{C27A4FDB-F5F4-4A11-87BD-387F352CFBB0}.Debug|Any CPU.ActiveCfg = Debug|Any CPU
		{C27A4FDB-F5F4-4A11-87BD-387F352CFBB0}.Debug|Any CPU.Build.0 = Debug|Any CPU
		{C27A4FDB-F5F4-4A11-87BD-387F352CFBB0}.Release|Any CPU.ActiveCfg = Release|Any CPU
		{C27A4FDB-F5F4-4A11-87BD-387F352CFBB0}.Release|Any CPU.Build.0 = Release|Any CPU
		{D43E0B39-D610-4510-AB42-C778E2B99D94}.Debug|Any CPU.ActiveCfg = Debug|Any CPU
		{D43E0B39-D610-4510-AB42-C778E2B99D94}.Debug|Any CPU.Build.0 = Debug|Any CPU
		{D43E0B39-D610-4510-AB42-C778E2B99D94}.Release|Any CPU.ActiveCfg = Release|Any CPU
		{D43E0B39-D610-4510-AB42-C778E2B99D94}.Release|Any CPU.Build.0 = Release|Any CPU
	EndGlobalSection
	GlobalSection(SolutionProperties) = preSolution
		HideSolutionNode = FALSE
	EndGlobalSection
	GlobalSection(ExtensibilityGlobals) = postSolution
		SolutionGuid = {20D8CF39-B8FE-403A-9950-8336A26388CD}
	EndGlobalSection
EndGlobal
